
Microsoft Visual Studio Solution File, Format Version 12.00
# Visual Studio 2017
Project("{FAE04EC0-301F-11D3-BF4B-00C04F79EFBC}") = "AnotherTest", "AnotherTest.csproj", "{105B4EEC-30B3-1244-5CCE-2C65759BB242}"
EndProject
Project("{FAE04EC0-301F-11D3-BF4B-00C04F79EFBC}") = "AnotherTest.Plugins", "AnotherTest.Plugins.csproj", "{CE769D86-8BDB-F7AA-8F3D-A5CBC07CF39A}"
EndProject
Project("{FAE04EC0-301F-11D3-BF4B-00C04F79EFBC}") = "AnotherTest.Editor.Plugins", "AnotherTest.Editor.Plugins.csproj", "{04EEFDC2-97C1-12A8-D9B4-7141069766F2}"
EndProject
Global
	GlobalSection(SolutionConfigurationPlatforms) = preSolution
		Debug|Any CPU = Debug|Any CPU
		Release|Any CPU = Release|Any CPU
	EndGlobalSection
	GlobalSection(ProjectConfigurationPlatforms) = postSolution
		{105B4EEC-30B3-1244-5CCE-2C65759BB242}.Debug|Any CPU.ActiveCfg = Debug|Any CPU
		{105B4EEC-30B3-1244-5CCE-2C65759BB242}.Debug|Any CPU.Build.0 = Debug|Any CPU
		{105B4EEC-30B3-1244-5CCE-2C65759BB242}.Release|Any CPU.ActiveCfg = Release|Any CPU
		{105B4EEC-30B3-1244-5CCE-2C65759BB242}.Release|Any CPU.Build.0 = Release|Any CPU
		{CE769D86-8BDB-F7AA-8F3D-A5CBC07CF39A}.Debug|Any CPU.ActiveCfg = Debug|Any CPU
		{CE769D86-8BDB-F7AA-8F3D-A5CBC07CF39A}.Debug|Any CPU.Build.0 = Debug|Any CPU
		{CE769D86-8BDB-F7AA-8F3D-A5CBC07CF39A}.Release|Any CPU.ActiveCfg = Release|Any CPU
		{CE769D86-8BDB-F7AA-8F3D-A5CBC07CF39A}.Release|Any CPU.Build.0 = Release|Any CPU
		{04EEFDC2-97C1-12A8-D9B4-7141069766F2}.Debug|Any CPU.ActiveCfg = Debug|Any CPU
		{04EEFDC2-97C1-12A8-D9B4-7141069766F2}.Debug|Any CPU.Build.0 = Debug|Any CPU
		{04EEFDC2-97C1-12A8-D9B4-7141069766F2}.Release|Any CPU.ActiveCfg = Release|Any CPU
		{04EEFDC2-97C1-12A8-D9B4-7141069766F2}.Release|Any CPU.Build.0 = Release|Any CPU
	EndGlobalSection
	GlobalSection(SolutionProperties) = preSolution
		HideSolutionNode = FALSE
	EndGlobalSection
EndGlobal
